{
    "_readme": [
        "This file locks the dependencies of your project to a known state",
        "Read more about it at https://getcomposer.org/doc/01-basic-usage.md#composer-lock-the-lock-file",
        "This file is @generated automatically"
    ],
    "hash": "ae1ccdc075feb8f5eb5314d46f9bb4f5",
    "content-hash": "ab0786fc4a69fc6d8923a3a69769dcf9",
    "packages": [],
    "packages-dev": [],
    "aliases": [],
    "minimum-stability": "stable",
    "stability-flags": [],
    "prefer-stable": false,
    "prefer-lowest": false,
    "platform": {
        "ext-soap": "*",
        "ext-pdo_sqlite": "*",
        "ext-sqlite3": "*"
    },
    "platform-dev": []
}
